
Microsoft Visual Studio Solution File, Format Version 12.00
# Visual Studio Version 16
VisualStudioVersion = 16.0.31424.327
MinimumVisualStudioVersion = 10.0.40219.1
Project("{8BC9CEB8-8B4A-11D0-8D11-00A0C91BC942}") = "TIC-TAC-TOC", "TIC-TAC-TOC\TIC-TAC-TOC.vcxproj", "{72E21421-343D-4707-82FE-FDD0708E4FE9}"
EndProject
Global
	GlobalSection(SolutionConfigurationPlatforms) = preSolution
		Debug|x64 = Debug|x64
		Debug|x86 = Debug|x86
		Release|x64 = Release|x64
		Release|x86 = Release|x86
	EndGlobalSection
	GlobalSection(ProjectConfigurationPlatforms) = postSolution
		{72E21421-343D-4707-82FE-FDD0708E4FE9}.Debug|x64.ActiveCfg = Debug|x64
		{72E21421-343D-4707-82FE-FDD0708E4FE9}.Debug|x64.Build.0 = Debug|x64
		{72E21421-343D-4707-82FE-FDD0708E4FE9}.Debug|x86.ActiveCfg = Debug|Win32
		{72E21421-343D-4707-82FE-FDD0708E4FE9}.Debug|x86.Build.0 = Debug|Win32
		{72E21421-343D-4707-82FE-FDD0708E4FE9}.Release|x64.ActiveCfg = Release|x64
		{72E21421-343D-4707-82FE-FDD0708E4FE9}.Release|x64.Build.0 = Release|x64
		{72E21421-343D-4707-82FE-FDD0708E4FE9}.Release|x86.ActiveCfg = Release|Win32
		{72E21421-343D-4707-82FE-FDD0708E4FE9}.Release|x86.Build.0 = Release|Win32
	EndGlobalSection
	GlobalSection(SolutionProperties) = preSolution
		HideSolutionNode = FALSE
	EndGlobalSection
	GlobalSection(ExtensibilityGlobals) = postSolution
		SolutionGuid = {A1EE41DE-EA5E-4843-887E-88E85E906858}
	EndGlobalSection
EndGlobal
